// !$*UTF8*$!
{
	archiveVersion = 1;
	classes = {
	};
	objectVersion = 51;
	objects = {

/* Begin PBXBuildFile section */
		8D76E4E39061C42C4E168690 /* Pods_LoginProject.framework in Frameworks */ = {isa = PBXBuildFile; fileRef = 104B10D487E4DA5FBDC6CFAF /* Pods_LoginProject.framework */; };
		BF32C03E260C1B3000ED40E4 /* StringExtensions.swift in Sources */ = {isa = PBXBuildFile; fileRef = BF32C03D260C1B3000ED40E4 /* StringExtensions.swift */; };
		BF32C041260C208100ED40E4 /* DashboardViewController.swift in Sources */ = {isa = PBXBuildFile; fileRef = BF32C040260C208100ED40E4 /* DashboardViewController.swift */; };
		BF7182E7260C168A00535E26 /* AppDelegate.swift in Sources */ = {isa = PBXBuildFile; fileRef = BF7182E6260C168A00535E26 /* AppDelegate.swift */; };
		BF7182E9260C168A00535E26 /* SceneDelegate.swift in Sources */ = {isa = PBXBuildFile; fileRef = BF7182E8260C168A00535E26 /* SceneDelegate.swift */; };
		BF7182EB260C168A00535E26 /* ViewController.swift in Sources */ = {isa = PBXBuildFile; fileRef = BF7182EA260C168A00535E26 /* ViewController.swift */; };
		BF7182EE260C168A00535E26 /* Main.storyboard in Resources */ = {isa = PBXBuildFile; fileRef = BF7182EC260C168A00535E26 /* Main.storyboard */; };
		BF7182F0260C168B00535E26 /* Assets.xcassets in Resources */ = {isa = PBXBuildFile; fileRef = BF7182EF260C168B00535E26 /* Assets.xcassets */; };
		BF7182F3260C168B00535E26 /* LaunchScreen.storyboard in Resources */ = {isa = PBXBuildFile; fileRef = BF7182F1260C168B00535E26 /* LaunchScreen.storyboard */; };
		BF7182FC260C172000535E26 /* GoogleService-Info.plist in Resources */ = {isa = PBXBuildFile; fileRef = BF7182FB260C172000535E26 /* GoogleService-Info.plist */; };
/* End PBXBuildFile section */

/* Begin PBXFileReference section */
		104B10D487E4DA5FBDC6CFAF /* Pods_LoginProject.framework */ = {isa = PBXFileReference; explicitFileType = wrapper.framework; includeInIndex = 0; path = Pods_LoginProject.framework; sourceTree = BUILT_PRODUCTS_DIR; };
		389790C2110B87FAC0265621 /* Pods-LoginProject.debug.xcconfig */ = {isa = PBXFileReference; includeInIndex = 1; lastKnownFileType = text.xcconfig; name = "Pods-LoginProject.debug.xcconfig"; path = "Target Support Files/Pods-LoginProject/Pods-LoginProject.debug.xcconfig"; sourceTree = "<group>"; };
		3D6BAF863CA898D0F18277E4 /* Pods-LoginProject.release.xcconfig */ = {isa = PBXFileReference; includeInIndex = 1; lastKnownFileType = text.xcconfig; name = "Pods-LoginProject.release.xcconfig"; path = "Target Support Files/Pods-LoginProject/Pods-LoginProject.release.xcconfig"; sourceTree = "<group>"; };
		BF32C03D260C1B3000ED40E4 /* StringExtensions.swift */ = {isa = PBXFileReference; lastKnownFileType = sourcecode.swift; path = StringExtensions.swift; sourceTree = "<group>"; };
		BF32C040260C208100ED40E4 /* DashboardViewController.swift */ = {isa = PBXFileReference; lastKnownFileType = sourcecode.swift; path = DashboardViewController.swift; sourceTree = "<group>"; };
		BF7182E3260C168A00535E26 /* LoginProject.app */ = {isa = PBXFileReference; explicitFileType = wrapper.application; includeInIndex = 0; path = LoginProject.app; sourceTree = BUILT_PRODUCTS_DIR; };
		BF7182E6260C168A00535E26 /* AppDelegate.swift */ = {isa = PBXFileReference; lastKnownFileType = sourcecode.swift; path = AppDelegate.swift; sourceTree = "<group>"; };
		BF7182E8260C168A00535E26 /* SceneDelegate.swift */ = {isa = PBXFileReference; lastKnownFileType = sourcecode.swift; path = SceneDelegate.swift; sourceTree = "<group>"; };
		BF7182EA260C168A00535E26 /* ViewController.swift */ = {isa = PBXFileReference; lastKnownFileType = sourcecode.swift; path = ViewController.swift; sourceTree = "<group>"; };
		BF7182ED260C168A00535E26 /* Base */ = {isa = PBXFileReference; lastKnownFileType = file.storyboard; name = Base; path = Base.lproj/Main.storyboard; sourceTree = "<group>"; };
		BF7182EF260C168B00535E26 /* Assets.xcassets */ = {isa = PBXFileReference; lastKnownFileType = folder.assetcatalog; path = Assets.xcassets; sourceTree = "<group>"; };
		BF7182F2260C168B00535E26 /* Base */ = {isa = PBXFileReference; lastKnownFileType = file.storyboard; name = Base; path = Base.lproj/LaunchScreen.storyboard; sourceTree = "<group>"; };
		BF7182F4260C168B00535E26 /* Info.plist */ = {isa = PBXFileReference; lastKnownFileType = text.plist.xml; path = Info.plist; sourceTree = "<group>"; };
		BF7182FB260C172000535E26 /* GoogleService-Info.plist */ = {isa = PBXFileReference; fileEncoding = 4; lastKnownFileType = text.plist.xml; name = "GoogleService-Info.plist"; path = "../../../../../Downloads/GoogleService-Info.plist"; sourceTree = "<group>"; };
/* End PBXFileReference section */

/* Begin PBXFrameworksBuildPhase section */
		BF7182E0260C168A00535E26 /* Frameworks */ = {
			isa = PBXFrameworksBuildPhase;
			buildActionMask = 2147483647;
			files = (
				8D76E4E39061C42C4E168690 /* Pods_LoginProject.framework in Frameworks */,
			);
			runOnlyForDeploymentPostprocessing = 0;
		};
/* End PBXFrameworksBuildPhase section */

/* Begin PBXGroup section */
		4AD03DC591EC2ECE603EBA66 /* Pods */ = {
			isa = PBXGroup;
			children = (
				389790C2110B87FAC0265621 /* Pods-LoginProject.debug.xcconfig */,
				3D6BAF863CA898D0F18277E4 /* Pods-LoginProject.release.xcconfig */,
			);
			path = Pods;
			sourceTree = "<group>";
		};
		BF32C03C260C1B1300ED40E4 /* Utilities */ = {
			isa = PBXGroup;
			children = (
				BF32C03D260C1B3000ED40E4 /* StringExtensions.swift */,
			);
			path = Utilities;
			sourceTree = "<group>";
		};
		BF7182DA260C168A00535E26 = {
			isa = PBXGroup;
			children = (
				BF7182E5260C168A00535E26 /* LoginProject */,
				BF7182E4260C168A00535E26 /* Products */,
				4AD03DC591EC2ECE603EBA66 /* Pods */,
				D23D239E90665BFFD2DB11DD /* Frameworks */,
			);
			sourceTree = "<group>";
		};
		BF7182E4260C168A00535E26 /* Products */ = {
			isa = PBXGroup;
			children = (
				BF7182E3260C168A00535E26 /* LoginProject.app */,
			);
			name = Products;
			sourceTree = "<group>";
		};
		BF7182E5260C168A00535E26 /* LoginProject */ = {
			isa = PBXGroup;
			children = (
				BF32C03C260C1B1300ED40E4 /* Utilities */,
				BF7182E6260C168A00535E26 /* AppDelegate.swift */,
				BF7182E8260C168A00535E26 /* SceneDelegate.swift */,
				BF7182EA260C168A00535E26 /* ViewController.swift */,
				BF7182EC260C168A00535E26 /* Main.storyboard */,
				BF7182EF260C168B00535E26 /* Assets.xcassets */,
				BF7182F1260C168B00535E26 /* LaunchScreen.storyboard */,
				BF7182F4260C168B00535E26 /* Info.plist */,
				BF7182FB260C172000535E26 /* GoogleService-Info.plist */,
				BF32C040260C208100ED40E4 /* DashboardViewController.swift */,
			);
			path = LoginProject;
			sourceTree = "<group>";
		};
		D23D239E90665BFFD2DB11DD /* Frameworks */ = {
			isa = PBXGroup;
			children = (
				104B10D487E4DA5FBDC6CFAF /* Pods_LoginProject.framework */,
			);
			name = Frameworks;
			sourceTree = "<group>";
		};
/* End PBXGroup section */

/* Begin PBXNativeTarget section */
		BF7182E2260C168A00535E26 /* LoginProject */ = {
			isa = PBXNativeTarget;
			buildConfigurationList = BF7182F7260C168B00535E26 /* Build configuration list for PBXNativeTarget "LoginProject" */;
			buildPhases = (
				C02297CDB5B77F5271204927 /* [CP] Check Pods Manifest.lock */,
				BF7182DF260C168A00535E26 /* Sources */,
				BF7182E0260C168A00535E26 /* Frameworks */,
				BF7182E1260C168A00535E26 /* Resources */,
				E78928A630710B415BBC11F0 /* [CP] Embed Pods Frameworks */,
			);
			buildRules = (
			);
			dependencies = (
			);
			name = LoginProject;
			productName = LoginProject;
			productReference = BF7182E3260C168A00535E26 /* LoginProject.app */;
			productType = "com.apple.product-type.application";
		};
/* End PBXNativeTarget section */

/* Begin PBXProject section */
		BF7182DB260C168A00535E26 /* Project object */ = {
			isa = PBXProject;
			attributes = {
				LastSwiftUpdateCheck = 1240;
				LastUpgradeCheck = 1240;
				TargetAttributes = {
					BF7182E2260C168A00535E26 = {
						CreatedOnToolsVersion = 12.4;
					};
				};
			};
			buildConfigurationList = BF7182DE260C168A00535E26 /* Build configuration list for PBXProject "LoginProject" */;
			compatibilityVersion = "Xcode 9.3";
			developmentRegion = en;
			hasScannedForEncodings = 0;
			knownRegions = (
				en,
				Base,
			);
			mainGroup = BF7182DA260C168A00535E26;
			productRefGroup = BF7182E4260C168A00535E26 /* Products */;
			projectDirPath = "";
			projectRoot = "";
			targets = (
				BF7182E2260C168A00535E26 /* LoginProject */,
			);
		};
/* End PBXProject section */

/* Begin PBXResourcesBuildPhase section */
		BF7182E1260C168A00535E26 /* Resources */ = {
			isa = PBXResourcesBuildPhase;
			buildActionMask = 2147483647;
			files = (
				BF7182F3260C168B00535E26 /* LaunchScreen.storyboard in Resources */,
				BF7182FC260C172000535E26 /* GoogleService-Info.plist in Resources */,
				BF7182F0260C168B00535E26 /* Assets.xcassets in Resources */,
				BF7182EE260C168A00535E26 /* Main.storyboard in Resources */,
			);
			runOnlyForDeploymentPostprocessing = 0;
		};
/* End PBXResourcesBuildPhase section */

/* Begin PBXShellScriptBuildPhase section */
		C02297CDB5B77F5271204927 /* [CP] Check Pods Manifest.lock */ = {
			isa = PBXShellScriptBuildPhase;
			buildActionMask = 2147483647;
			files = (
			);
			inputFileListPaths = (
			);
			inputPaths = (
				"${PODS_PODFILE_DIR_PATH}/Podfile.lock",
				"${PODS_ROOT}/Manifest.lock",
			);
			name = "[CP] Check Pods Manifest.lock";
			outputFileListPaths = (
			);
			outputPaths = (
				"$(DERIVED_FILE_DIR)/Pods-LoginProject-checkManifestLockResult.txt",
			);
			runOnlyForDeploymentPostprocessing = 0;
			shellPath = /bin/sh;
			shellScript = "diff \"${PODS_PODFILE_DIR_PATH}/Podfile.lock\" \"${PODS_ROOT}/Manifest.lock\" > /dev/null\nif [ $? != 0 ] ; then\n    # print error to STDERR\n    echo \"error: The sandbox is not in sync with the Podfile.lock. Run 'pod install' or update your CocoaPods installation.\" >&2\n    exit 1\nfi\n# This output is used by Xcode 'outputs' to avoid re-running this script phase.\necho \"SUCCESS\" > \"${SCRIPT_OUTPUT_FILE_0}\"\n";
			showEnvVarsInLog = 0;
		};
		E78928A630710B415BBC11F0 /* [CP] Embed Pods Frameworks */ = {
			isa = PBXShellScriptBuildPhase;
			buildActionMask = 2147483647;
			files = (
			);
			inputFileListPaths = (
				"${PODS_ROOT}/Target Support Files/Pods-LoginProject/Pods-LoginProject-frameworks-${CONFIGURATION}-input-files.xcfilelist",
			);
			name = "[CP] Embed Pods Frameworks";
			outputFileListPaths = (
				"${PODS_ROOT}/Target Support Files/Pods-LoginProject/Pods-LoginProject-frameworks-${CONFIGURATION}-output-files.xcfilelist",
			);
			runOnlyForDeploymentPostprocessing = 0;
			shellPath = /bin/sh;
			shellScript = "\"${PODS_ROOT}/Target Support Files/Pods-LoginProject/Pods-LoginProject-frameworks.sh\"\n";
			showEnvVarsInLog = 0;
		};
/* End PBXShellScriptBuildPhase section */

/* Begin PBXSourcesBuildPhase section */
		BF7182DF260C168A00535E26 /* Sources */ = {
			isa = PBXSourcesBuildPhase;
			buildActionMask = 2147483647;
			files = (
				BF32C03E260C1B3000ED40E4 /* StringExtensions.swift in Sources */,
				BF7182EB260C168A00535E26 /* ViewController.swift in Sources */,
				BF32C041260C208100ED40E4 /* DashboardViewController.swift in Sources */,
				BF7182E7260C168A00535E26 /* AppDelegate.swift in Sources */,
				BF7182E9260C168A00535E26 /* SceneDelegate.swift in Sources */,
			);
			runOnlyForDeploymentPostprocessing = 0;
		};
/* End PBXSourcesBuildPhase section */

/* Begin PBXVariantGroup section */
		BF7182EC260C168A00535E26 /* Main.storyboard */ = {
			isa = PBXVariantGroup;
			children = (
				BF7182ED260C168A00535E26 /* Base */,
			);
			name = Main.storyboard;
			sourceTree = "<group>";
		};
		BF7182F1260C168B00535E26 /* LaunchScreen.storyboard */ = {
			isa = PBXVariantGroup;
			children = (
				BF7182F2260C168B00535E26 /* Base */,
			);
			name = LaunchScreen.storyboard;
			sourceTree = "<group>";
		};
/* End PBXVariantGroup section */

/* Begin XCBuildConfiguration section */
		BF7182F5260C168B00535E26 /* Debug */ = {
			isa = XCBuildConfiguration;
			buildSettings = {
				ALWAYS_SEARCH_USER_PATHS = NO;
				CLANG_ANALYZER_NONNULL = YES;
				CLANG_ANALYZER_NUMBER_OBJECT_CONVERSION = YES_AGGRESSIVE;
				CLANG_CXX_LANGUAGE_STANDARD = "gnu++14";
				CLANG_CXX_LIBRARY = "libc++";
				CLANG_ENABLE_MODULES = YES;
				CLANG_ENABLE_OBJC_ARC = YES;
				CLANG_ENABLE_OBJC_WEAK = YES;
				CLANG_WARN_BLOCK_CAPTURE_AUTORELEASING = YES;
				CLANG_WARN_BOOL_CONVERSION = YES;
				CLANG_WARN_COMMA = YES;
				CLANG_WARN_CONSTANT_CONVERSION = YES;
				CLANG_WARN_DEPRECATED_OBJC_IMPLEMENTATIONS = YES;
				CLANG_WARN_DIRECT_OBJC_ISA_USAGE = YES_ERROR;
				CLANG_WARN_DOCUMENTATION_COMMENTS = YES;
				CLANG_WARN_EMPTY_BODY = YES;
				CLANG_WARN_ENUM_CONVERSION = YES;
				CLANG_WARN_INFINITE_RECURSION = YES;
				CLANG_WARN_INT_CONVERSION = YES;
				CLANG_WARN_NON_LITERAL_NULL_CONVERSION = YES;
				CLANG_WARN_OBJC_IMPLICIT_RETAIN_SELF = YES;
				CLANG_WARN_OBJC_LITERAL_CONVERSION = YES;
				CLANG_WARN_OBJC_ROOT_CLASS = YES_ERROR;
				CLANG_WARN_QUOTED_INCLUDE_IN_FRAMEWORK_HEADER = YES;
				CLANG_WARN_RANGE_LOOP_ANALYSIS = YES;
				CLANG_WARN_STRICT_PROTOTYPES = YES;
				CLANG_WARN_SUSPICIOUS_MOVE = YES;
				CLANG_WARN_UNGUARDED_AVAILABILITY = YES_AGGRESSIVE;
				CLANG_WARN_UNREACHABLE_CODE = YES;
				CLANG_WARN__DUPLICATE_METHOD_MATCH = YES;
				COPY_PHASE_STRIP = NO;
				DEBUG_INFORMATION_FORMAT = dwarf;
				ENABLE_STRICT_OBJC_MSGSEND = YES;
				ENABLE_TESTABILITY = YES;
				GCC_C_LANGUAGE_STANDARD = gnu11;
				GCC_DYNAMIC_NO_PIC = NO;
				GCC_NO_COMMON_BLOCKS = YES;
				GCC_OPTIMIZATION_LEVEL = 0;
				GCC_PREPROCESSOR_DEFINITIONS = (
					"DEBUG=1",
					"$(inherited)",
				);
				GCC_WARN_64_TO_32_BIT_CONVERSION = YES;
				GCC_WARN_ABOUT_RETURN_TYPE = YES_ERROR;
				GCC_WARN_UNDECLARED_SELECTOR = YES;
				GCC_WARN_UNINITIALIZED_AUTOS = YES_AGGRESSIVE;
				GCC_WARN_UNUSED_FUNCTION = YES;
				GCC_WARN_UNUSED_VARIABLE = YES;
				IPHONEOS_DEPLOYMENT_TARGET = 14.4;
				MTL_ENABLE_DEBUG_INFO = INCLUDE_SOURCE;
				MTL_FAST_MATH = YES;
				ONLY_ACTIVE_ARCH = YES;
				SDKROOT = iphoneos;
				SWIFT_ACTIVE_COMPILATION_CONDITIONS = DEBUG;
				SWIFT_OPTIMIZATION_LEVEL = "-Onone";
			};
			name = Debug;
		};
		BF7182F6260C168B00535E26 /* Release */ = {
			isa = XCBuildConfiguration;
			buildSettings = {
				ALWAYS_SEARCH_USER_PATHS = NO;
				CLANG_ANALYZER_NONNULL = YES;
				CLANG_ANALYZER_NUMBER_OBJECT_CONVERSION = YES_AGGRESSIVE;
				CLANG_CXX_LANGUAGE_STANDARD = "gnu++14";
				CLANG_CXX_LIBRARY = "libc++";
				CLANG_ENABLE_MODULES = YES;
				CLANG_ENABLE_OBJC_ARC = YES;
				CLANG_ENABLE_OBJC_WEAK = YES;
				CLANG_WARN_BLOCK_CAPTURE_AUTORELEASING = YES;
				CLANG_WARN_BOOL_CONVERSION = YES;
				CLANG_WARN_COMMA = YES;
				CLANG_WARN_CONSTANT_CONVERSION = YES;
				CLANG_WARN_DEPRECATED_OBJC_IMPLEMENTATIONS = YES;
				CLANG_WARN_DIRECT_OBJC_ISA_USAGE = YES_ERROR;
				CLANG_WARN_DOCUMENTATION_COMMENTS = YES;
				CLANG_WARN_EMPTY_BODY = YES;
				CLANG_WARN_ENUM_CONVERSION = YES;
				CLANG_WARN_INFINITE_RECURSION = YES;
				CLANG_WARN_INT_CONVERSION = YES;
				CLANG_WARN_NON_LITERAL_NULL_CONVERSION = YES;
				CLANG_WARN_OBJC_IMPLICIT_RETAIN_SELF = YES;
				CLANG_WARN_OBJC_LITERAL_CONVERSION = YES;
				CLANG_WARN_OBJC_ROOT_CLASS = YES_ERROR;
				CLANG_WARN_QUOTED_INCLUDE_IN_FRAMEWORK_HEADER = YES;
				CLANG_WARN_RANGE_LOOP_ANALYSIS = YES;
				CLANG_WARN_STRICT_PROTOTYPES = YES;
				CLANG_WARN_SUSPICIOUS_MOVE = YES;
				CLANG_WARN_UNGUARDED_AVAILABILITY = YES_AGGRESSIVE;
				CLANG_WARN_UNREACHABLE_CODE = YES;
				CLANG_WARN__DUPLICATE_METHOD_MATCH = YES;
				COPY_PHASE_STRIP = NO;
				DEBUG_INFORMATION_FORMAT = "dwarf-with-dsym";
				ENABLE_NS_ASSERTIONS = NO;
				ENABLE_STRICT_OBJC_MSGSEND = YES;
				GCC_C_LANGUAGE_STANDARD = gnu11;
				GCC_NO_COMMON_BLOCKS = YES;
				GCC_WARN_64_TO_32_BIT_CONVERSION = YES;
				GCC_WARN_ABOUT_RETURN_TYPE = YES_ERROR;
				GCC_WARN_UNDECLARED_SELECTOR = YES;
				GCC_WARN_UNINITIALIZED_AUTOS = YES_AGGRESSIVE;
				GCC_WARN_UNUSED_FUNCTION = YES;
				GCC_WARN_UNUSED_VARIABLE = YES;
				IPHONEOS_DEPLOYMENT_TARGET = 14.4;
				MTL_ENABLE_DEBUG_INFO = NO;
				MTL_FAST_MATH = YES;
				SDKROOT = iphoneos;
				SWIFT_COMPILATION_MODE = wholemodule;
				SWIFT_OPTIMIZATION_LEVEL = "-O";
				VALIDATE_PRODUCT = YES;
			};
			name = Release;
		};
		BF7182F8260C168B00535E26 /* Debug */ = {
			isa = XCBuildConfiguration;
			baseConfigurationReference = 389790C2110B87FAC0265621 /* Pods-LoginProject.debug.xcconfig */;
			buildSettings = {
				ASSETCATALOG_COMPILER_APPICON_NAME = AppIcon;
				ASSETCATALOG_COMPILER_GLOBAL_ACCENT_COLOR_NAME = AccentColor;
				CODE_SIGN_STYLE = Automatic;
				DEVELOPMENT_TEAM = ZLZ22HVC28;
				INFOPLIST_FILE = LoginProject/Info.plist;
				LD_RUNPATH_SEARCH_PATHS = (
					"$(inherited)",
					"@executable_path/Frameworks",
				);
				PRODUCT_BUNDLE_IDENTIFIER = edu.northeastern.jiang.can.LoginProject;
				PRODUCT_NAME = "$(TARGET_NAME)";
				SWIFT_VERSION = 5.0;
				TARGETED_DEVICE_FAMILY = "1,2";
			};
			name = Debug;
		};
		BF7182F9260C168B00535E26 /* Release */ = {
			isa = XCBuildConfiguration;
			baseConfigurationReference = 3D6BAF863CA898D0F18277E4 /* Pods-LoginProject.release.xcconfig */;
			buildSettings = {
				ASSETCATALOG_COMPILER_APPICON_NAME = AppIcon;
				ASSETCATALOG_COMPILER_GLOBAL_ACCENT_COLOR_NAME = AccentColor;
				CODE_SIGN_STYLE = Automatic;
				DEVELOPMENT_TEAM = ZLZ22HVC28;
				INFOPLIST_FILE = LoginProject/Info.plist;
				LD_RUNPATH_SEARCH_PATHS = (
					"$(inherited)",
					"@executable_path/Frameworks",
				);
				PRODUCT_BUNDLE_IDENTIFIER = edu.northeastern.jiang.can.LoginProject;
				PRODUCT_NAME = "$(TARGET_NAME)";
				SWIFT_VERSION = 5.0;
				TARGETED_DEVICE_FAMILY = "1,2";
			};
			name = Release;
		};
/* End XCBuildConfiguration section */

/* Begin XCConfigurationList section */
		BF7182DE260C168A00535E26 /* Build configuration list for PBXProject "LoginProject" */ = {
			isa = XCConfigurationList;
			buildConfigurations = (
				BF7182F5260C168B00535E26 /* Debug */,
				BF7182F6260C168B00535E26 /* Release */,
			);
			defaultConfigurationIsVisible = 0;
			defaultConfigurationName = Release;
		};
		BF7182F7260C168B00535E26 /* Build configuration list for PBXNativeTarget "LoginProject" */ = {
			isa = XCConfigurationList;
			buildConfigurations = (
				BF7182F8260C168B00535E26 /* Debug */,
				BF7182F9260C168B00535E26 /* Release */,
			);
			defaultConfigurationIsVisible = 0;
			defaultConfigurationName = Release;
		};
/* End XCConfigurationList section */
	};
	rootObject = BF7182DB260C168A00535E26 /* Project object */;
}
