// !$*UTF8*$!
{
	archiveVersion = 1;
	classes = {
	};
	objectVersion = 51;
	objects = {

/* Begin PBXBuildFile section */
		2CD286D9EFB861A6136F78C0 /* Pods_GetStockValue.framework in Frameworks */ = {isa = PBXBuildFile; fileRef = A01536D12C66E06EDE5D6304 /* Pods_GetStockValue.framework */; };
		BF1C968825F1B02500890957 /* ExtensionTableView.swift in Sources */ = {isa = PBXBuildFile; fileRef = BF1C968725F1B02500890957 /* ExtensionTableView.swift */; };
		BF1C969425F1B0CB00890957 /* ExtensionAFFunctions.swift in Sources */ = {isa = PBXBuildFile; fileRef = BF1C969325F1B0CA00890957 /* ExtensionAFFunctions.swift */; };
		BF1C969725F1B0F300890957 /* ExtensionRealmFunctions.swift in Sources */ = {isa = PBXBuildFile; fileRef = BF1C969625F1B0F300890957 /* ExtensionRealmFunctions.swift */; };
		BFD0571A25EF013F007BA539 /* StockTableViewController.swift in Sources */ = {isa = PBXBuildFile; fileRef = BFD0571925EF013F007BA539 /* StockTableViewController.swift */; };
		BFD0571E25EF0721007BA539 /* TableViewCell.swift in Sources */ = {isa = PBXBuildFile; fileRef = BFD0571C25EF0721007BA539 /* TableViewCell.swift */; };
		BFD0571F25EF0721007BA539 /* TableViewCell.xib in Resources */ = {isa = PBXBuildFile; fileRef = BFD0571D25EF0721007BA539 /* TableViewCell.xib */; };
		BFD0572225EF090A007BA539 /* Stock.swift in Sources */ = {isa = PBXBuildFile; fileRef = BFD0572125EF090A007BA539 /* Stock.swift */; };
		BFEAD73725DE054900BB33BC /* AppDelegate.swift in Sources */ = {isa = PBXBuildFile; fileRef = BFEAD73625DE054900BB33BC /* AppDelegate.swift */; };
		BFEAD73925DE054900BB33BC /* SceneDelegate.swift in Sources */ = {isa = PBXBuildFile; fileRef = BFEAD73825DE054900BB33BC /* SceneDelegate.swift */; };
		BFEAD73E25DE054900BB33BC /* Main.storyboard in Resources */ = {isa = PBXBuildFile; fileRef = BFEAD73C25DE054900BB33BC /* Main.storyboard */; };
		BFEAD74025DE054A00BB33BC /* Assets.xcassets in Resources */ = {isa = PBXBuildFile; fileRef = BFEAD73F25DE054A00BB33BC /* Assets.xcassets */; };
		BFEAD74325DE054A00BB33BC /* LaunchScreen.storyboard in Resources */ = {isa = PBXBuildFile; fileRef = BFEAD74125DE054A00BB33BC /* LaunchScreen.storyboard */; };
		BFEAD74C25DE056800BB33BC /* Constants.swift in Sources */ = {isa = PBXBuildFile; fileRef = BFEAD74B25DE056800BB33BC /* Constants.swift */; };
/* End PBXBuildFile section */

/* Begin PBXFileReference section */
		2B9F57ED5BDD447194F300E8 /* Pods-GetStockValue.debug.xcconfig */ = {isa = PBXFileReference; includeInIndex = 1; lastKnownFileType = text.xcconfig; name = "Pods-GetStockValue.debug.xcconfig"; path = "Target Support Files/Pods-GetStockValue/Pods-GetStockValue.debug.xcconfig"; sourceTree = "<group>"; };
		A01536D12C66E06EDE5D6304 /* Pods_GetStockValue.framework */ = {isa = PBXFileReference; explicitFileType = wrapper.framework; includeInIndex = 0; path = Pods_GetStockValue.framework; sourceTree = BUILT_PRODUCTS_DIR; };
		BF1C968725F1B02500890957 /* ExtensionTableView.swift */ = {isa = PBXFileReference; lastKnownFileType = sourcecode.swift; path = ExtensionTableView.swift; sourceTree = "<group>"; };
		BF1C969325F1B0CA00890957 /* ExtensionAFFunctions.swift */ = {isa = PBXFileReference; lastKnownFileType = sourcecode.swift; path = ExtensionAFFunctions.swift; sourceTree = "<group>"; };
		BF1C969625F1B0F300890957 /* ExtensionRealmFunctions.swift */ = {isa = PBXFileReference; lastKnownFileType = sourcecode.swift; path = ExtensionRealmFunctions.swift; sourceTree = "<group>"; };
		BFD0571925EF013F007BA539 /* StockTableViewController.swift */ = {isa = PBXFileReference; lastKnownFileType = sourcecode.swift; path = StockTableViewController.swift; sourceTree = "<group>"; };
		BFD0571C25EF0721007BA539 /* TableViewCell.swift */ = {isa = PBXFileReference; lastKnownFileType = sourcecode.swift; path = TableViewCell.swift; sourceTree = "<group>"; };
		BFD0571D25EF0721007BA539 /* TableViewCell.xib */ = {isa = PBXFileReference; lastKnownFileType = file.xib; path = TableViewCell.xib; sourceTree = "<group>"; };
		BFD0572125EF090A007BA539 /* Stock.swift */ = {isa = PBXFileReference; lastKnownFileType = sourcecode.swift; path = Stock.swift; sourceTree = "<group>"; };
		BFEAD73325DE054900BB33BC /* GetStockValue.app */ = {isa = PBXFileReference; explicitFileType = wrapper.application; includeInIndex = 0; path = GetStockValue.app; sourceTree = BUILT_PRODUCTS_DIR; };
		BFEAD73625DE054900BB33BC /* AppDelegate.swift */ = {isa = PBXFileReference; lastKnownFileType = sourcecode.swift; path = AppDelegate.swift; sourceTree = "<group>"; };
		BFEAD73825DE054900BB33BC /* SceneDelegate.swift */ = {isa = PBXFileReference; lastKnownFileType = sourcecode.swift; path = SceneDelegate.swift; sourceTree = "<group>"; };
		BFEAD73D25DE054900BB33BC /* Base */ = {isa = PBXFileReference; lastKnownFileType = file.storyboard; name = Base; path = Base.lproj/Main.storyboard; sourceTree = "<group>"; };
		BFEAD73F25DE054A00BB33BC /* Assets.xcassets */ = {isa = PBXFileReference; lastKnownFileType = folder.assetcatalog; path = Assets.xcassets; sourceTree = "<group>"; };
		BFEAD74225DE054A00BB33BC /* Base */ = {isa = PBXFileReference; lastKnownFileType = file.storyboard; name = Base; path = Base.lproj/LaunchScreen.storyboard; sourceTree = "<group>"; };
		BFEAD74425DE054A00BB33BC /* Info.plist */ = {isa = PBXFileReference; lastKnownFileType = text.plist.xml; path = Info.plist; sourceTree = "<group>"; };
		BFEAD74B25DE056800BB33BC /* Constants.swift */ = {isa = PBXFileReference; lastKnownFileType = sourcecode.swift; path = Constants.swift; sourceTree = "<group>"; };
		FD95A93946F202B27EF3AC2C /* Pods-GetStockValue.release.xcconfig */ = {isa = PBXFileReference; includeInIndex = 1; lastKnownFileType = text.xcconfig; name = "Pods-GetStockValue.release.xcconfig"; path = "Target Support Files/Pods-GetStockValue/Pods-GetStockValue.release.xcconfig"; sourceTree = "<group>"; };
/* End PBXFileReference section */

/* Begin PBXFrameworksBuildPhase section */
		BFEAD73025DE054900BB33BC /* Frameworks */ = {
			isa = PBXFrameworksBuildPhase;
			buildActionMask = 2147483647;
			files = (
				2CD286D9EFB861A6136F78C0 /* Pods_GetStockValue.framework in Frameworks */,
			);
			runOnlyForDeploymentPostprocessing = 0;
		};
/* End PBXFrameworksBuildPhase section */

/* Begin PBXGroup section */
		68EBFD30311951FE7E3FB8E7 /* Pods */ = {
			isa = PBXGroup;
			children = (
				2B9F57ED5BDD447194F300E8 /* Pods-GetStockValue.debug.xcconfig */,
				FD95A93946F202B27EF3AC2C /* Pods-GetStockValue.release.xcconfig */,
			);
			path = Pods;
			sourceTree = "<group>";
		};
		732079E149A3AF214E03E678 /* Frameworks */ = {
			isa = PBXGroup;
			children = (
				A01536D12C66E06EDE5D6304 /* Pods_GetStockValue.framework */,
			);
			name = Frameworks;
			sourceTree = "<group>";
		};
		BF1C968525F1AFD600890957 /* StockTableViewController */ = {
			isa = PBXGroup;
			children = (
				BFD0571925EF013F007BA539 /* StockTableViewController.swift */,
				BF1C969325F1B0CA00890957 /* ExtensionAFFunctions.swift */,
				BF1C968725F1B02500890957 /* ExtensionTableView.swift */,
				BF1C969625F1B0F300890957 /* ExtensionRealmFunctions.swift */,
			);
			path = StockTableViewController;
			sourceTree = "<group>";
		};
		BF1C968625F1AFF900890957 /* StockTableViewCell */ = {
			isa = PBXGroup;
			children = (
				BFD0571C25EF0721007BA539 /* TableViewCell.swift */,
				BFD0571D25EF0721007BA539 /* TableViewCell.xib */,
			);
			path = StockTableViewCell;
			sourceTree = "<group>";
		};
		BFEAD72A25DE054900BB33BC = {
			isa = PBXGroup;
			children = (
				BFEAD73525DE054900BB33BC /* GetStockValue */,
				BFEAD73425DE054900BB33BC /* Products */,
				68EBFD30311951FE7E3FB8E7 /* Pods */,
				732079E149A3AF214E03E678 /* Frameworks */,
			);
			sourceTree = "<group>";
		};
		BFEAD73425DE054900BB33BC /* Products */ = {
			isa = PBXGroup;
			children = (
				BFEAD73325DE054900BB33BC /* GetStockValue.app */,
			);
			name = Products;
			sourceTree = "<group>";
		};
		BFEAD73525DE054900BB33BC /* GetStockValue */ = {
			isa = PBXGroup;
			children = (
				BF1C968525F1AFD600890957 /* StockTableViewController */,
				BF1C968625F1AFF900890957 /* StockTableViewCell */,
				BFEAD74B25DE056800BB33BC /* Constants.swift */,
				BFEAD73625DE054900BB33BC /* AppDelegate.swift */,
				BFEAD73825DE054900BB33BC /* SceneDelegate.swift */,
				BFEAD73C25DE054900BB33BC /* Main.storyboard */,
				BFEAD73F25DE054A00BB33BC /* Assets.xcassets */,
				BFEAD74125DE054A00BB33BC /* LaunchScreen.storyboard */,
				BFEAD74425DE054A00BB33BC /* Info.plist */,
				BFD0572125EF090A007BA539 /* Stock.swift */,
			);
			path = GetStockValue;
			sourceTree = "<group>";
		};
/* End PBXGroup section */

/* Begin PBXNativeTarget section */
		BFEAD73225DE054900BB33BC /* GetStockValue */ = {
			isa = PBXNativeTarget;
			buildConfigurationList = BFEAD74725DE054A00BB33BC /* Build configuration list for PBXNativeTarget "GetStockValue" */;
			buildPhases = (
				AE228ADB4E81722D70FD8662 /* [CP] Check Pods Manifest.lock */,
				BFEAD72F25DE054900BB33BC /* Sources */,
				BFEAD73025DE054900BB33BC /* Frameworks */,
				BFEAD73125DE054900BB33BC /* Resources */,
				532002C08D65317895E61CEB /* [CP] Embed Pods Frameworks */,
			);
			buildRules = (
			);
			dependencies = (
			);
			name = GetStockValue;
			productName = GetStockValue;
			productReference = BFEAD73325DE054900BB33BC /* GetStockValue.app */;
			productType = "com.apple.product-type.application";
		};
/* End PBXNativeTarget section */

/* Begin PBXProject section */
		BFEAD72B25DE054900BB33BC /* Project object */ = {
			isa = PBXProject;
			attributes = {
				LastSwiftUpdateCheck = 1240;
				LastUpgradeCheck = 1240;
				TargetAttributes = {
					BFEAD73225DE054900BB33BC = {
						CreatedOnToolsVersion = 12.4;
					};
				};
			};
			buildConfigurationList = BFEAD72E25DE054900BB33BC /* Build configuration list for PBXProject "GetStockValue" */;
			compatibilityVersion = "Xcode 9.3";
			developmentRegion = en;
			hasScannedForEncodings = 0;
			knownRegions = (
				en,
				Base,
			);
			mainGroup = BFEAD72A25DE054900BB33BC;
			productRefGroup = BFEAD73425DE054900BB33BC /* Products */;
			projectDirPath = "";
			projectRoot = "";
			targets = (
				BFEAD73225DE054900BB33BC /* GetStockValue */,
			);
		};
/* End PBXProject section */

/* Begin PBXResourcesBuildPhase section */
		BFEAD73125DE054900BB33BC /* Resources */ = {
			isa = PBXResourcesBuildPhase;
			buildActionMask = 2147483647;
			files = (
				BFEAD74325DE054A00BB33BC /* LaunchScreen.storyboard in Resources */,
				BFD0571F25EF0721007BA539 /* TableViewCell.xib in Resources */,
				BFEAD74025DE054A00BB33BC /* Assets.xcassets in Resources */,
				BFEAD73E25DE054900BB33BC /* Main.storyboard in Resources */,
			);
			runOnlyForDeploymentPostprocessing = 0;
		};
/* End PBXResourcesBuildPhase section */

/* Begin PBXShellScriptBuildPhase section */
		532002C08D65317895E61CEB /* [CP] Embed Pods Frameworks */ = {
			isa = PBXShellScriptBuildPhase;
			buildActionMask = 2147483647;
			files = (
			);
			inputFileListPaths = (
				"${PODS_ROOT}/Target Support Files/Pods-GetStockValue/Pods-GetStockValue-frameworks-${CONFIGURATION}-input-files.xcfilelist",
			);
			name = "[CP] Embed Pods Frameworks";
			outputFileListPaths = (
				"${PODS_ROOT}/Target Support Files/Pods-GetStockValue/Pods-GetStockValue-frameworks-${CONFIGURATION}-output-files.xcfilelist",
			);
			runOnlyForDeploymentPostprocessing = 0;
			shellPath = /bin/sh;
			shellScript = "\"${PODS_ROOT}/Target Support Files/Pods-GetStockValue/Pods-GetStockValue-frameworks.sh\"\n";
			showEnvVarsInLog = 0;
		};
		AE228ADB4E81722D70FD8662 /* [CP] Check Pods Manifest.lock */ = {
			isa = PBXShellScriptBuildPhase;
			buildActionMask = 2147483647;
			files = (
			);
			inputFileListPaths = (
			);
			inputPaths = (
				"${PODS_PODFILE_DIR_PATH}/Podfile.lock",
				"${PODS_ROOT}/Manifest.lock",
			);
			name = "[CP] Check Pods Manifest.lock";
			outputFileListPaths = (
			);
			outputPaths = (
				"$(DERIVED_FILE_DIR)/Pods-GetStockValue-checkManifestLockResult.txt",
			);
			runOnlyForDeploymentPostprocessing = 0;
			shellPath = /bin/sh;
			shellScript = "diff \"${PODS_PODFILE_DIR_PATH}/Podfile.lock\" \"${PODS_ROOT}/Manifest.lock\" > /dev/null\nif [ $? != 0 ] ; then\n    # print error to STDERR\n    echo \"error: The sandbox is not in sync with the Podfile.lock. Run 'pod install' or update your CocoaPods installation.\" >&2\n    exit 1\nfi\n# This output is used by Xcode 'outputs' to avoid re-running this script phase.\necho \"SUCCESS\" > \"${SCRIPT_OUTPUT_FILE_0}\"\n";
			showEnvVarsInLog = 0;
		};
/* End PBXShellScriptBuildPhase section */

/* Begin PBXSourcesBuildPhase section */
		BFEAD72F25DE054900BB33BC /* Sources */ = {
			isa = PBXSourcesBuildPhase;
			buildActionMask = 2147483647;
			files = (
				BFEAD73725DE054900BB33BC /* AppDelegate.swift in Sources */,
				BF1C968825F1B02500890957 /* ExtensionTableView.swift in Sources */,
				BF1C969425F1B0CB00890957 /* ExtensionAFFunctions.swift in Sources */,
				BFEAD73925DE054900BB33BC /* SceneDelegate.swift in Sources */,
				BFD0572225EF090A007BA539 /* Stock.swift in Sources */,
				BFD0571E25EF0721007BA539 /* TableViewCell.swift in Sources */,
				BF1C969725F1B0F300890957 /* ExtensionRealmFunctions.swift in Sources */,
				BFD0571A25EF013F007BA539 /* StockTableViewController.swift in Sources */,
				BFEAD74C25DE056800BB33BC /* Constants.swift in Sources */,
			);
			runOnlyForDeploymentPostprocessing = 0;
		};
/* End PBXSourcesBuildPhase section */

/* Begin PBXVariantGroup section */
		BFEAD73C25DE054900BB33BC /* Main.storyboard */ = {
			isa = PBXVariantGroup;
			children = (
				BFEAD73D25DE054900BB33BC /* Base */,
			);
			name = Main.storyboard;
			sourceTree = "<group>";
		};
		BFEAD74125DE054A00BB33BC /* LaunchScreen.storyboard */ = {
			isa = PBXVariantGroup;
			children = (
				BFEAD74225DE054A00BB33BC /* Base */,
			);
			name = LaunchScreen.storyboard;
			sourceTree = "<group>";
		};
/* End PBXVariantGroup section */

/* Begin XCBuildConfiguration section */
		BFEAD74525DE054A00BB33BC /* Debug */ = {
			isa = XCBuildConfiguration;
			buildSettings = {
				ALWAYS_SEARCH_USER_PATHS = NO;
				CLANG_ANALYZER_NONNULL = YES;
				CLANG_ANALYZER_NUMBER_OBJECT_CONVERSION = YES_AGGRESSIVE;
				CLANG_CXX_LANGUAGE_STANDARD = "gnu++14";
				CLANG_CXX_LIBRARY = "libc++";
				CLANG_ENABLE_MODULES = YES;
				CLANG_ENABLE_OBJC_ARC = YES;
				CLANG_ENABLE_OBJC_WEAK = YES;
				CLANG_WARN_BLOCK_CAPTURE_AUTORELEASING = YES;
				CLANG_WARN_BOOL_CONVERSION = YES;
				CLANG_WARN_COMMA = YES;
				CLANG_WARN_CONSTANT_CONVERSION = YES;
				CLANG_WARN_DEPRECATED_OBJC_IMPLEMENTATIONS = YES;
				CLANG_WARN_DIRECT_OBJC_ISA_USAGE = YES_ERROR;
				CLANG_WARN_DOCUMENTATION_COMMENTS = YES;
				CLANG_WARN_EMPTY_BODY = YES;
				CLANG_WARN_ENUM_CONVERSION = YES;
				CLANG_WARN_INFINITE_RECURSION = YES;
				CLANG_WARN_INT_CONVERSION = YES;
				CLANG_WARN_NON_LITERAL_NULL_CONVERSION = YES;
				CLANG_WARN_OBJC_IMPLICIT_RETAIN_SELF = YES;
				CLANG_WARN_OBJC_LITERAL_CONVERSION = YES;
				CLANG_WARN_OBJC_ROOT_CLASS = YES_ERROR;
				CLANG_WARN_QUOTED_INCLUDE_IN_FRAMEWORK_HEADER = YES;
				CLANG_WARN_RANGE_LOOP_ANALYSIS = YES;
				CLANG_WARN_STRICT_PROTOTYPES = YES;
				CLANG_WARN_SUSPICIOUS_MOVE = YES;
				CLANG_WARN_UNGUARDED_AVAILABILITY = YES_AGGRESSIVE;
				CLANG_WARN_UNREACHABLE_CODE = YES;
				CLANG_WARN__DUPLICATE_METHOD_MATCH = YES;
				COPY_PHASE_STRIP = NO;
				DEBUG_INFORMATION_FORMAT = dwarf;
				ENABLE_STRICT_OBJC_MSGSEND = YES;
				ENABLE_TESTABILITY = YES;
				GCC_C_LANGUAGE_STANDARD = gnu11;
				GCC_DYNAMIC_NO_PIC = NO;
				GCC_NO_COMMON_BLOCKS = YES;
				GCC_OPTIMIZATION_LEVEL = 0;
				GCC_PREPROCESSOR_DEFINITIONS = (
					"DEBUG=1",
					"$(inherited)",
				);
				GCC_WARN_64_TO_32_BIT_CONVERSION = YES;
				GCC_WARN_ABOUT_RETURN_TYPE = YES_ERROR;
				GCC_WARN_UNDECLARED_SELECTOR = YES;
				GCC_WARN_UNINITIALIZED_AUTOS = YES_AGGRESSIVE;
				GCC_WARN_UNUSED_FUNCTION = YES;
				GCC_WARN_UNUSED_VARIABLE = YES;
				IPHONEOS_DEPLOYMENT_TARGET = 14.4;
				MTL_ENABLE_DEBUG_INFO = INCLUDE_SOURCE;
				MTL_FAST_MATH = YES;
				ONLY_ACTIVE_ARCH = YES;
				SDKROOT = iphoneos;
				SWIFT_ACTIVE_COMPILATION_CONDITIONS = DEBUG;
				SWIFT_OPTIMIZATION_LEVEL = "-Onone";
			};
			name = Debug;
		};
		BFEAD74625DE054A00BB33BC /* Release */ = {
			isa = XCBuildConfiguration;
			buildSettings = {
				ALWAYS_SEARCH_USER_PATHS = NO;
				CLANG_ANALYZER_NONNULL = YES;
				CLANG_ANALYZER_NUMBER_OBJECT_CONVERSION = YES_AGGRESSIVE;
				CLANG_CXX_LANGUAGE_STANDARD = "gnu++14";
				CLANG_CXX_LIBRARY = "libc++";
				CLANG_ENABLE_MODULES = YES;
				CLANG_ENABLE_OBJC_ARC = YES;
				CLANG_ENABLE_OBJC_WEAK = YES;
				CLANG_WARN_BLOCK_CAPTURE_AUTORELEASING = YES;
				CLANG_WARN_BOOL_CONVERSION = YES;
				CLANG_WARN_COMMA = YES;
				CLANG_WARN_CONSTANT_CONVERSION = YES;
				CLANG_WARN_DEPRECATED_OBJC_IMPLEMENTATIONS = YES;
				CLANG_WARN_DIRECT_OBJC_ISA_USAGE = YES_ERROR;
				CLANG_WARN_DOCUMENTATION_COMMENTS = YES;
				CLANG_WARN_EMPTY_BODY = YES;
				CLANG_WARN_ENUM_CONVERSION = YES;
				CLANG_WARN_INFINITE_RECURSION = YES;
				CLANG_WARN_INT_CONVERSION = YES;
				CLANG_WARN_NON_LITERAL_NULL_CONVERSION = YES;
				CLANG_WARN_OBJC_IMPLICIT_RETAIN_SELF = YES;
				CLANG_WARN_OBJC_LITERAL_CONVERSION = YES;
				CLANG_WARN_OBJC_ROOT_CLASS = YES_ERROR;
				CLANG_WARN_QUOTED_INCLUDE_IN_FRAMEWORK_HEADER = YES;
				CLANG_WARN_RANGE_LOOP_ANALYSIS = YES;
				CLANG_WARN_STRICT_PROTOTYPES = YES;
				CLANG_WARN_SUSPICIOUS_MOVE = YES;
				CLANG_WARN_UNGUARDED_AVAILABILITY = YES_AGGRESSIVE;
				CLANG_WARN_UNREACHABLE_CODE = YES;
				CLANG_WARN__DUPLICATE_METHOD_MATCH = YES;
				COPY_PHASE_STRIP = NO;
				DEBUG_INFORMATION_FORMAT = "dwarf-with-dsym";
				ENABLE_NS_ASSERTIONS = NO;
				ENABLE_STRICT_OBJC_MSGSEND = YES;
				GCC_C_LANGUAGE_STANDARD = gnu11;
				GCC_NO_COMMON_BLOCKS = YES;
				GCC_WARN_64_TO_32_BIT_CONVERSION = YES;
				GCC_WARN_ABOUT_RETURN_TYPE = YES_ERROR;
				GCC_WARN_UNDECLARED_SELECTOR = YES;
				GCC_WARN_UNINITIALIZED_AUTOS = YES_AGGRESSIVE;
				GCC_WARN_UNUSED_FUNCTION = YES;
				GCC_WARN_UNUSED_VARIABLE = YES;
				IPHONEOS_DEPLOYMENT_TARGET = 14.4;
				MTL_ENABLE_DEBUG_INFO = NO;
				MTL_FAST_MATH = YES;
				SDKROOT = iphoneos;
				SWIFT_COMPILATION_MODE = wholemodule;
				SWIFT_OPTIMIZATION_LEVEL = "-O";
				VALIDATE_PRODUCT = YES;
			};
			name = Release;
		};
		BFEAD74825DE054A00BB33BC /* Debug */ = {
			isa = XCBuildConfiguration;
			baseConfigurationReference = 2B9F57ED5BDD447194F300E8 /* Pods-GetStockValue.debug.xcconfig */;
			buildSettings = {
				ASSETCATALOG_COMPILER_APPICON_NAME = AppIcon;
				ASSETCATALOG_COMPILER_GLOBAL_ACCENT_COLOR_NAME = AccentColor;
				CODE_SIGN_STYLE = Automatic;
				DEVELOPMENT_TEAM = ZLZ22HVC28;
				INFOPLIST_FILE = GetStockValue/Info.plist;
				LD_RUNPATH_SEARCH_PATHS = (
					"$(inherited)",
					"@executable_path/Frameworks",
				);
				PRODUCT_BUNDLE_IDENTIFIER = edu.northeastern.jiang.can.GetStockValue;
				PRODUCT_NAME = "$(TARGET_NAME)";
				SWIFT_VERSION = 5.0;
				TARGETED_DEVICE_FAMILY = "1,2";
			};
			name = Debug;
		};
		BFEAD74925DE054A00BB33BC /* Release */ = {
			isa = XCBuildConfiguration;
			baseConfigurationReference = FD95A93946F202B27EF3AC2C /* Pods-GetStockValue.release.xcconfig */;
			buildSettings = {
				ASSETCATALOG_COMPILER_APPICON_NAME = AppIcon;
				ASSETCATALOG_COMPILER_GLOBAL_ACCENT_COLOR_NAME = AccentColor;
				CODE_SIGN_STYLE = Automatic;
				DEVELOPMENT_TEAM = ZLZ22HVC28;
				INFOPLIST_FILE = GetStockValue/Info.plist;
				LD_RUNPATH_SEARCH_PATHS = (
					"$(inherited)",
					"@executable_path/Frameworks",
				);
				PRODUCT_BUNDLE_IDENTIFIER = edu.northeastern.jiang.can.GetStockValue;
				PRODUCT_NAME = "$(TARGET_NAME)";
				SWIFT_VERSION = 5.0;
				TARGETED_DEVICE_FAMILY = "1,2";
			};
			name = Release;
		};
/* End XCBuildConfiguration section */

/* Begin XCConfigurationList section */
		BFEAD72E25DE054900BB33BC /* Build configuration list for PBXProject "GetStockValue" */ = {
			isa = XCConfigurationList;
			buildConfigurations = (
				BFEAD74525DE054A00BB33BC /* Debug */,
				BFEAD74625DE054A00BB33BC /* Release */,
			);
			defaultConfigurationIsVisible = 0;
			defaultConfigurationName = Release;
		};
		BFEAD74725DE054A00BB33BC /* Build configuration list for PBXNativeTarget "GetStockValue" */ = {
			isa = XCConfigurationList;
			buildConfigurations = (
				BFEAD74825DE054A00BB33BC /* Debug */,
				BFEAD74925DE054A00BB33BC /* Release */,
			);
			defaultConfigurationIsVisible = 0;
			defaultConfigurationName = Release;
		};
/* End XCConfigurationList section */
	};
	rootObject = BFEAD72B25DE054900BB33BC /* Project object */;
}
